{
  "lockfileVersion": 1,
  "dependencies": {
    "ClientStorage": {
      "version": "2.1.4",
      "resolved": "https://registry.npmjs.org/ClientStorage/-/ClientStorage-2.1.4.tgz",
      "integrity": "sha512-/Or1uux4AAzBESdxmduSOEK0bKBZqJa2hdAk+XogLnUicu0jX1lXjkLiidH1EF+UZ9lLy8PXFDUkL+UIZs22iQ=="
    }
  }
}
