{
  "name": "ClientStorage",
  "version": "5.0.0",
  "lockfileVersion": 3,
  "requires": true,
  "packages": {
    "": {
      "name": "ClientStorage",
      "version": "5.0.0",
      "deprecated": "Package moved to @veliovgroup/client-storage. Migrate to the scoped package and import name immediately.",
      "license": "BSD-3-Clause",
      "dependencies": {
        "@veliovgroup/client-storage": "^5.0.0"
      }
    },
    "node_modules/@veliovgroup/client-storage": {
      "version": "5.0.0",
      "resolved": "https://registry.npmjs.org/@veliovgroup/client-storage/-/client-storage-5.0.0.tgz",
      "integrity": "sha512-nmW4voCdwYhxHitCNHlOiocL0Ff1KokexxYMSwdeu+p0gGHZ+ntrzhgtJNyq3cX7WyPBfWSOgXozh9IkfZ5oYA==",
      "license": "BSD-3-Clause"
    }
  }
}
